{
	"name": "meet-us-sapper",
	"version": "0.0.1",
	"lockfileVersion": 1,
	"requires": true,
	"dependencies": {
		"polka": {
			"version": "0.5.2",
			"resolved": "https://registry.npmjs.org/polka/-/polka-0.5.2.tgz",
			"integrity": "sha512-FVg3vDmCqP80tOrs+OeNlgXYmFppTXdjD5E7I4ET1NjvtNmQrb1/mJibybKkb/d4NA7YWAr1ojxuhpL3FHqdlw==",
			"requires": {
				"@polka/url": "^0.5.0",
				"trouter": "^2.0.1"
			},
			"dependencies": {
				"@arr/every": {
					"version": "1.0.1",
					"resolved": "https://registry.npmjs.org/@arr/every/-/every-1.0.1.tgz",
					"integrity": "sha512-UQFQ6SgyJ6LX42W8rHCs8KVc0JS0tzVL9ct4XYedJukskYVWTo49tNiMEK9C2HTyarbNiT/RVIRSY82vH+6sTg=="
				},
				"@polka/url": {
					"version": "0.5.0",
					"resolved": "https://registry.npmjs.org/@polka/url/-/url-0.5.0.tgz",
					"integrity": "sha512-oZLYFEAzUKyi3SKnXvj32ZCEGH6RDnao7COuCVhDydMS9NrCSVXhM79VaKyP5+Zc33m0QXEd2DN3UkU7OsHcfw=="
				},
				"matchit": {
					"version": "1.0.8",
					"resolved": "https://registry.npmjs.org/matchit/-/matchit-1.0.8.tgz",
					"integrity": "sha512-CwPPICzozd/ezCzpVwGYG5bMVieaapnA0vvHDQnmQ2u2vZtVLynoPmvFsZjL67hFOvTBhhpqSR0bq3uloDP/Rw==",
					"requires": {
						"@arr/every": "^1.0.0"
					}
				},
				"trouter": {
					"version": "2.0.1",
					"resolved": "https://registry.npmjs.org/trouter/-/trouter-2.0.1.tgz",
					"integrity": "sha512-kr8SKKw94OI+xTGOkfsvwZQ8mWoikZDd2n8XZHjJVZUARZT+4/VV6cacRS6CLsH9bNm+HFIPU1Zx4CnNnb4qlQ==",
					"requires": {
						"matchit": "^1.0.0"
					}
				}
			}
		},
		"rollup": {
			"version": "1.32.1",
			"resolved": "https://registry.npmjs.org/rollup/-/rollup-1.32.1.tgz",
			"integrity": "sha512-/2HA0Ec70TvQnXdzynFffkjA6XN+1e2pEv/uKS5Ulca40g2L7KuOE3riasHoNVHOsFD5KKZgDsMk1CP3Tw9s+A==",
			"dev": true,
			"requires": {
				"@types/estree": "*",
				"@types/node": "*",
				"acorn": "^7.1.0"
			},
			"dependencies": {
				"@types/estree": {
					"version": "0.0.44",
					"resolved": "https://registry.npmjs.org/@types/estree/-/estree-0.0.44.tgz",
					"integrity": "sha512-iaIVzr+w2ZJ5HkidlZ3EJM8VTZb2MJLCjw3V+505yVts0gRC4UMvjw0d1HPtGqI/HQC/KdsYtayfzl+AXY2R8g==",
					"dev": true
				},
				"@types/node": {
					"version": "14.0.11",
					"resolved": "https://registry.npmjs.org/@types/node/-/node-14.0.11.tgz",
					"integrity": "sha512-lCvvI24L21ZVeIiyIUHZ5Oflv1hhHQ5E1S25IRlKIXaRkVgmXpJMI3wUJkmym2bTbCe+WoIibQnMVAU3FguaOg==",
					"dev": true
				},
				"acorn": {
					"version": "7.2.0",
					"resolved": "https://registry.npmjs.org/acorn/-/acorn-7.2.0.tgz",
					"integrity": "sha512-apwXVmYVpQ34m/i71vrApRrRKCWQnZZF1+npOD0WV5xZFfwWOmKGQ2RWlfdy9vWITsenisM8M0Qeq8agcFHNiQ==",
					"dev": true
				}
			}
		},
		"rollup-plugin-commonjs": {
			"version": "9.3.4",
			"resolved": "https://registry.npmjs.org/rollup-plugin-commonjs/-/rollup-plugin-commonjs-9.3.4.tgz",
			"integrity": "sha512-DTZOvRoiVIHHLFBCL4pFxOaJt8pagxsVldEXBOn6wl3/V21wVaj17HFfyzTsQUuou3sZL3lEJZVWKPFblJfI6w==",
			"dev": true,
			"requires": {
				"estree-walker": "^0.6.0",
				"magic-string": "^0.25.2",
				"resolve": "^1.10.0",
				"rollup-pluginutils": "^2.6.0"
			},
			"dependencies": {
				"estree-walker": {
					"version": "0.6.1",
					"resolved": "https://registry.npmjs.org/estree-walker/-/estree-walker-0.6.1.tgz",
					"integrity": "sha512-SqmZANLWS0mnatqbSfRP5g8OXZC12Fgg1IwNtLsyHDzJizORW4khDfjPqJZsemPWBB2uqykUah5YpQ6epsqC/w==",
					"dev": true
				},
				"magic-string": {
					"version": "0.25.7",
					"resolved": "https://registry.npmjs.org/magic-string/-/magic-string-0.25.7.tgz",
					"integrity": "sha512-4CrMT5DOHTDk4HYDlzmwu4FVCcIYI8gauveasrdCu2IKIFOJ3f0v/8MDGJCDL9oD2ppz/Av1b0Nj345H9M+XIA==",
					"dev": true,
					"requires": {
						"sourcemap-codec": "^1.4.4"
					}
				},
				"path-parse": {
					"version": "1.0.6",
					"resolved": "https://registry.npmjs.org/path-parse/-/path-parse-1.0.6.tgz",
					"integrity": "sha512-GSmOT2EbHrINBf9SR7CDELwlJ8AENk3Qn7OikK4nFYAu3Ote2+JYNVvkpAEQm3/TLNEJFD/xZJjzyxg3KBWOzw==",
					"dev": true
				},
				"resolve": {
					"version": "1.17.0",
					"resolved": "https://registry.npmjs.org/resolve/-/resolve-1.17.0.tgz",
					"integrity": "sha512-ic+7JYiV8Vi2yzQGFWOkiZD5Z9z7O2Zhm9XMaTxdJExKasieFCr+yXZ/WmXsckHiKl12ar0y6XiXDx3m4RHn1w==",
					"dev": true,
					"requires": {
						"path-parse": "^1.0.6"
					}
				},
				"rollup-pluginutils": {
					"version": "2.8.2",
					"resolved": "https://registry.npmjs.org/rollup-pluginutils/-/rollup-pluginutils-2.8.2.tgz",
					"integrity": "sha512-EEp9NhnUkwY8aif6bxgovPHMoMoNr2FulJziTndpt5H9RdwC47GSGuII9XxpSdzVGM0GWrNPHV6ie1LTNJPaLQ==",
					"dev": true,
					"requires": {
						"estree-walker": "^0.6.1"
					}
				},
				"sourcemap-codec": {
					"version": "1.4.8",
					"resolved": "https://registry.npmjs.org/sourcemap-codec/-/sourcemap-codec-1.4.8.tgz",
					"integrity": "sha512-9NykojV5Uih4lgo5So5dtw+f0JgJX30KCNI8gwhz2J9A15wD0Ml6tjHKwf6fTSa6fAdVBdZeNOs9eJ71qCk8vA==",
					"dev": true
				}
			}
		},
		"rollup-plugin-node-resolve": {
			"version": "4.2.4",
			"resolved": "https://registry.npmjs.org/rollup-plugin-node-resolve/-/rollup-plugin-node-resolve-4.2.4.tgz",
			"integrity": "sha512-t/64I6l7fZ9BxqD3XlX4ZeO6+5RLKyfpwE2CiPNUKa+GocPlQhf/C208ou8y3AwtNsc6bjSk/8/6y/YAyxCIvw==",
			"dev": true,
			"requires": {
				"@types/resolve": "0.0.8",
				"builtin-modules": "^3.1.0",
				"is-module": "^1.0.0",
				"resolve": "^1.10.0"
			},
			"dependencies": {
				"@types/node": {
					"version": "14.0.11",
					"resolved": "https://registry.npmjs.org/@types/node/-/node-14.0.11.tgz",
					"integrity": "sha512-lCvvI24L21ZVeIiyIUHZ5Oflv1hhHQ5E1S25IRlKIXaRkVgmXpJMI3wUJkmym2bTbCe+WoIibQnMVAU3FguaOg==",
					"dev": true
				},
				"@types/resolve": {
					"version": "0.0.8",
					"resolved": "https://registry.npmjs.org/@types/resolve/-/resolve-0.0.8.tgz",
					"integrity": "sha512-auApPaJf3NPfe18hSoJkp8EbZzer2ISk7o8mCC3M9he/a04+gbMF97NkpD2S8riMGvm4BMRI59/SZQSaLTKpsQ==",
					"dev": true,
					"requires": {
						"@types/node": "*"
					}
				},
				"builtin-modules": {
					"version": "3.1.0",
					"resolved": "https://registry.npmjs.org/builtin-modules/-/builtin-modules-3.1.0.tgz",
					"integrity": "sha512-k0KL0aWZuBt2lrxrcASWDfwOLMnodeQjodT/1SxEQAXsHANgo6ZC/VEaSEHCXt7aSTZ4/4H5LKa+tBXmW7Vtvw==",
					"dev": true
				},
				"is-module": {
					"version": "1.0.0",
					"resolved": "https://registry.npmjs.org/is-module/-/is-module-1.0.0.tgz",
					"integrity": "sha1-Mlj7afeMFNW4FdZkM2tM/7ZEFZE=",
					"dev": true
				},
				"path-parse": {
					"version": "1.0.6",
					"resolved": "https://registry.npmjs.org/path-parse/-/path-parse-1.0.6.tgz",
					"integrity": "sha512-GSmOT2EbHrINBf9SR7CDELwlJ8AENk3Qn7OikK4nFYAu3Ote2+JYNVvkpAEQm3/TLNEJFD/xZJjzyxg3KBWOzw==",
					"dev": true
				},
				"resolve": {
					"version": "1.17.0",
					"resolved": "https://registry.npmjs.org/resolve/-/resolve-1.17.0.tgz",
					"integrity": "sha512-ic+7JYiV8Vi2yzQGFWOkiZD5Z9z7O2Zhm9XMaTxdJExKasieFCr+yXZ/WmXsckHiKl12ar0y6XiXDx3m4RHn1w==",
					"dev": true,
					"requires": {
						"path-parse": "^1.0.6"
					}
				}
			}
		},
		"rollup-plugin-svelte": {
			"version": "5.2.2",
			"resolved": "https://registry.npmjs.org/rollup-plugin-svelte/-/rollup-plugin-svelte-5.2.2.tgz",
			"integrity": "sha512-I+TJ2T+VLKGbKQcpeMJ4AR2ciROqTZNjxbiMiH4Cn1yByaB9OEuy3CnrgHHuWatQcPuF3yIViyKX7OlETWDKOQ==",
			"dev": true,
			"requires": {
				"require-relative": "^0.8.7",
				"rollup-pluginutils": "^2.8.2",
				"sourcemap-codec": "^1.4.8"
			},
			"dependencies": {
				"estree-walker": {
					"version": "0.6.1",
					"resolved": "https://registry.npmjs.org/estree-walker/-/estree-walker-0.6.1.tgz",
					"integrity": "sha512-SqmZANLWS0mnatqbSfRP5g8OXZC12Fgg1IwNtLsyHDzJizORW4khDfjPqJZsemPWBB2uqykUah5YpQ6epsqC/w==",
					"dev": true
				},
				"require-relative": {
					"version": "0.8.7",
					"resolved": "https://registry.npmjs.org/require-relative/-/require-relative-0.8.7.tgz",
					"integrity": "sha1-eZlTn8ngR6N5KPoZb44VY9q9Nt4=",
					"dev": true
				},
				"rollup-pluginutils": {
					"version": "2.8.2",
					"resolved": "https://registry.npmjs.org/rollup-pluginutils/-/rollup-pluginutils-2.8.2.tgz",
					"integrity": "sha512-EEp9NhnUkwY8aif6bxgovPHMoMoNr2FulJziTndpt5H9RdwC47GSGuII9XxpSdzVGM0GWrNPHV6ie1LTNJPaLQ==",
					"dev": true,
					"requires": {
						"estree-walker": "^0.6.1"
					}
				},
				"sourcemap-codec": {
					"version": "1.4.8",
					"resolved": "https://registry.npmjs.org/sourcemap-codec/-/sourcemap-codec-1.4.8.tgz",
					"integrity": "sha512-9NykojV5Uih4lgo5So5dtw+f0JgJX30KCNI8gwhz2J9A15wD0Ml6tjHKwf6fTSa6fAdVBdZeNOs9eJ71qCk8vA==",
					"dev": true
				}
			}
		},
		"sapper": {
			"version": "0.26.1",
			"resolved": "https://registry.npmjs.org/sapper/-/sapper-0.26.1.tgz",
			"integrity": "sha512-ogc0C/RA+L2O6ymdVsNN9kgWUYEb/toOsT7uMQhqBjI98nfNIONRSYW1ne+US0vZHPxyqz0lXE8v0BSizcDJcg==",
			"dev": true,
			"requires": {
				"html-minifier": "^3.5.21",
				"http-link-header": "^1.0.2",
				"shimport": "^1.0.0",
				"sourcemap-codec": "^1.4.4",
				"string-hash": "^1.1.3"
			},
			"dependencies": {
				"camel-case": {
					"version": "3.0.0",
					"resolved": "https://registry.npmjs.org/camel-case/-/camel-case-3.0.0.tgz",
					"integrity": "sha1-yjw2iKTpzzpM2nd9xNy8cTJJz3M=",
					"dev": true,
					"requires": {
						"no-case": "^2.2.0",
						"upper-case": "^1.1.1"
					}
				},
				"clean-css": {
					"version": "4.2.3",
					"resolved": "https://registry.npmjs.org/clean-css/-/clean-css-4.2.3.tgz",
					"integrity": "sha512-VcMWDN54ZN/DS+g58HYL5/n4Zrqe8vHJpGA8KdgUXFU4fuP/aHNw8eld9SyEIyabIMJX/0RaY/fplOo5hYLSFA==",
					"dev": true,
					"requires": {
						"source-map": "~0.6.0"
					}
				},
				"commander": {
					"version": "2.17.1",
					"resolved": "https://registry.npmjs.org/commander/-/commander-2.17.1.tgz",
					"integrity": "sha512-wPMUt6FnH2yzG95SA6mzjQOEKUU3aLaDEmzs1ti+1E9h+CsrZghRlqEM/EJ4KscsQVG8uNN4uVreUeT8+drlgg==",
					"dev": true
				},
				"he": {
					"version": "1.2.0",
					"resolved": "https://registry.npmjs.org/he/-/he-1.2.0.tgz",
					"integrity": "sha512-F/1DnUGPopORZi0ni+CvrCgHQ5FyEAHRLSApuYWMmrbSwoN2Mn/7k+Gl38gJnR7yyDZk6WLXwiGod1JOWNDKGw==",
					"dev": true
				},
				"html-minifier": {
					"version": "3.5.21",
					"resolved": "https://registry.npmjs.org/html-minifier/-/html-minifier-3.5.21.tgz",
					"integrity": "sha512-LKUKwuJDhxNa3uf/LPR/KVjm/l3rBqtYeCOAekvG8F1vItxMUpueGd94i/asDDr8/1u7InxzFA5EeGjhhG5mMA==",
					"dev": true,
					"requires": {
						"camel-case": "3.0.x",
						"clean-css": "4.2.x",
						"commander": "2.17.x",
						"he": "1.2.x",
						"param-case": "2.1.x",
						"relateurl": "0.2.x",
						"uglify-js": "3.4.x"
					}
				},
				"http-link-header": {
					"version": "1.0.2",
					"resolved": "https://registry.npmjs.org/http-link-header/-/http-link-header-1.0.2.tgz",
					"integrity": "sha512-z6YOZ8ZEnejkcCWlGZzYXNa6i+ZaTfiTg3WhlV/YvnNya3W/RbX1bMVUMTuCrg/DrtTCQxaFCkXCz4FtLpcebg==",
					"dev": true
				},
				"lower-case": {
					"version": "1.1.4",
					"resolved": "https://registry.npmjs.org/lower-case/-/lower-case-1.1.4.tgz",
					"integrity": "sha1-miyr0bno4K6ZOkv31YdcOcQujqw=",
					"dev": true
				},
				"no-case": {
					"version": "2.3.2",
					"resolved": "https://registry.npmjs.org/no-case/-/no-case-2.3.2.tgz",
					"integrity": "sha512-rmTZ9kz+f3rCvK2TD1Ue/oZlns7OGoIWP4fc3llxxRXlOkHKoWPPWJOfFYpITabSow43QJbRIoHQXtt10VldyQ==",
					"dev": true,
					"requires": {
						"lower-case": "^1.1.1"
					}
				},
				"param-case": {
					"version": "2.1.1",
					"resolved": "https://registry.npmjs.org/param-case/-/param-case-2.1.1.tgz",
					"integrity": "sha1-35T9jPZTHs915r75oIWPvHK+Ikc=",
					"dev": true,
					"requires": {
						"no-case": "^2.2.0"
					}
				},
				"relateurl": {
					"version": "0.2.7",
					"resolved": "https://registry.npmjs.org/relateurl/-/relateurl-0.2.7.tgz",
					"integrity": "sha1-VNvzd+UUQKypCkzSdGANP/LYiKk=",
					"dev": true
				},
				"shimport": {
					"version": "1.0.1",
					"resolved": "https://registry.npmjs.org/shimport/-/shimport-1.0.1.tgz",
					"integrity": "sha512-Imf4gH+8WQmT1GvxS/x79qpmfnE6m50hyN1ucatX+7oMCgmaF8obZWCPIzSUe6+P+YmXM46lkP2pxiV2/lt9Og==",
					"dev": true
				},
				"source-map": {
					"version": "0.6.1",
					"resolved": "https://registry.npmjs.org/source-map/-/source-map-0.6.1.tgz",
					"integrity": "sha512-UjgapumWlbMhkBgzT7Ykc5YXUT46F0iKu8SGXq0bcwP5dz/h0Plj6enJqjz1Zbq2l5WaqYnrVbwWOWMyF3F47g==",
					"dev": true
				},
				"sourcemap-codec": {
					"version": "1.4.8",
					"resolved": "https://registry.npmjs.org/sourcemap-codec/-/sourcemap-codec-1.4.8.tgz",
					"integrity": "sha512-9NykojV5Uih4lgo5So5dtw+f0JgJX30KCNI8gwhz2J9A15wD0Ml6tjHKwf6fTSa6fAdVBdZeNOs9eJ71qCk8vA==",
					"dev": true
				},
				"string-hash": {
					"version": "1.1.3",
					"resolved": "https://registry.npmjs.org/string-hash/-/string-hash-1.1.3.tgz",
					"integrity": "sha1-6Kr8CsGFW0Zmkp7X3RJ1311sgRs=",
					"dev": true
				},
				"uglify-js": {
					"version": "3.4.10",
					"resolved": "https://registry.npmjs.org/uglify-js/-/uglify-js-3.4.10.tgz",
					"integrity": "sha512-Y2VsbPVs0FIshJztycsO2SfPk7/KAF/T72qzv9u5EpQ4kB2hQoHlhNQTsNyy6ul7lQtqJN/AoWeS23OzEiEFxw==",
					"dev": true,
					"requires": {
						"commander": "~2.19.0",
						"source-map": "~0.6.1"
					},
					"dependencies": {
						"commander": {
							"version": "2.19.0",
							"resolved": "https://registry.npmjs.org/commander/-/commander-2.19.0.tgz",
							"integrity": "sha512-6tvAOO+D6OENvRAh524Dh9jcfKTYDQAqvqezbCW82xj5X0pSrcpxtvRKHLG0yBY6SD7PSDrJaj+0AiOcKVd1Xg==",
							"dev": true
						}
					}
				},
				"upper-case": {
					"version": "1.1.3",
					"resolved": "https://registry.npmjs.org/upper-case/-/upper-case-1.1.3.tgz",
					"integrity": "sha1-9rRQHC7EzdJrp4vnIilh3ndiFZg=",
					"dev": true
				}
			}
		}
	}
}
